
Microsoft Visual Studio Solution File, Format Version 12.00
# Visual Studio Version 17
VisualStudioVersion = 17.8.34322.80
MinimumVisualStudioVersion = 10.0.40219.1
Project("{FAE04EC0-301F-11D3-BF4B-00C04F79EFBC}") = "PostManagementApi", "PostManagementApi\PostManagementApi.csproj", "{6AB8D79B-6B71-4844-80E4-987050797633}"
EndProject
Global
	GlobalSection(SolutionConfigurationPlatforms) = preSolution
		Debug|Any CPU = Debug|Any CPU
		Release|Any CPU = Release|Any CPU
	EndGlobalSection
	GlobalSection(ProjectConfigurationPlatforms) = postSolution
		{6AB8D79B-6B71-4844-80E4-987050797633}.Debug|Any CPU.ActiveCfg = Debug|Any CPU
		{6AB8D79B-6B71-4844-80E4-987050797633}.Debug|Any CPU.Build.0 = Debug|Any CPU
		{6AB8D79B-6B71-4844-80E4-987050797633}.Release|Any CPU.ActiveCfg = Release|Any CPU
		{6AB8D79B-6B71-4844-80E4-987050797633}.Release|Any CPU.Build.0 = Release|Any CPU
	EndGlobalSection
	GlobalSection(SolutionProperties) = preSolution
		HideSolutionNode = FALSE
	EndGlobalSection
	GlobalSection(ExtensibilityGlobals) = postSolution
		SolutionGuid = {EE04E9E8-8B14-4D22-8E70-51EC56D52BDE}
	EndGlobalSection
EndGlobal
